
Microsoft Visual Studio Solution File, Format Version 12.00
# Visual Studio 2012
Project("{FAE04EC0-301F-11D3-BF4B-00C04F79EFBC}") = "SetimGenClass", "SetimGenClass\SetimGenClass.csproj", "{8A9A1180-6B4C-4C64-92BF-4B2C96AF9264}"
EndProject
Project("{FAE04EC0-301F-11D3-BF4B-00C04F79EFBC}") = "SetimTest", "SetimSiConsola\SetimTest.csproj", "{ECC642F4-F729-47DE-9851-0D9FB0355E63}"
EndProject
Project("{FAE04EC0-301F-11D3-BF4B-00C04F79EFBC}") = "SetimADL", "SetimADL\SetimADL.csproj", "{081F7B8E-3736-49A7-9E50-E213DD9F54E7}"
EndProject
Project("{FAE04EC0-301F-11D3-BF4B-00C04F79EFBC}") = "SetimBasico", "SetimBasico\SetimBasico.csproj", "{63193768-EFE9-473D-AF70-E4D6925E9C15}"
EndProject
Project("{FAE04EC0-301F-11D3-BF4B-00C04F79EFBC}") = "SetimMod_ExportaDatos", "SetimMod_ExportaDatos\SetimMod_ExportaDatos.csproj", "{750F0813-A004-409C-920E-A7F0EB0C6C02}"
EndProject
Project("{FAE04EC0-301F-11D3-BF4B-00C04F79EFBC}") = "SetimMod_asoSetimLista", "SetimMod_asoSetimLista\SetimMod_asoSetimLista.csproj", "{3708F7BA-D24A-4AB7-9B31-484E102A8A06}"
EndProject
Project("{FAE04EC0-301F-11D3-BF4B-00C04F79EFBC}") = "SetimMod_asoSocio", "SetimMod_asoSocio\SetimMod_asoSocio.csproj", "{46ADCCD7-9412-4F5C-AF2B-55CA80F655D1}"
EndProject
Project("{FAE04EC0-301F-11D3-BF4B-00C04F79EFBC}") = "SetimMod_asoPeriodo", "SetimMod_asoPeriodo\SetimMod_asoPeriodo.csproj", "{B6E84FB9-6513-4114-83D5-518128550B4C}"
EndProject
Project("{FAE04EC0-301F-11D3-BF4B-00C04F79EFBC}") = "SetimMod_asoInversion", "SetimMod_asoInversion\SetimMod_asoInversion.csproj", "{FFBF258C-D907-4C2C-85D0-959510763DD0}"
EndProject
Project("{FAE04EC0-301F-11D3-BF4B-00C04F79EFBC}") = "SetimMod_asoServicio", "SetimMod_asoServicio\SetimMod_asoServicio.csproj", "{206F3103-FEEA-4DC3-AF9B-E0A241FB78EA}"
EndProject
Project("{FAE04EC0-301F-11D3-BF4B-00C04F79EFBC}") = "SetimMod_asoParametro", "SetimMod_asoParametro\SetimMod_asoParametro.csproj", "{C7B99F49-5805-49A4-B29F-7BC86A718EBA}"
EndProject
Project("{FAE04EC0-301F-11D3-BF4B-00C04F79EFBC}") = "SetimMod_asoPrestamo", "SetimMod_asoPrestamo\SetimMod_asoPrestamo.csproj", "{E830CAD2-62C3-444F-9BDA-6DAE7ED6FC45}"
EndProject
Project("{FAE04EC0-301F-11D3-BF4B-00C04F79EFBC}") = "SetimMod_asoEstado_Cta", "SetimMod_asoEstado_Cta\SetimMod_asoEstado_Cta.csproj", "{4B9EE0FB-D188-4A9E-8BFA-C35C584F35D9}"
EndProject
Project("{FAE04EC0-301F-11D3-BF4B-00C04F79EFBC}") = "SetimMod_asoPrestamo_Socio", "SetimMod_asoPrestamo_Socio\SetimMod_asoPrestamo_Socio.csproj", "{94811ACE-4C0E-4EF8-93C7-DD0222D1CF0C}"
EndProject
Global
	GlobalSection(SolutionConfigurationPlatforms) = preSolution
		Debug|Any CPU = Debug|Any CPU
		Release|Any CPU = Release|Any CPU
	EndGlobalSection
	GlobalSection(ProjectConfigurationPlatforms) = postSolution
		{8A9A1180-6B4C-4C64-92BF-4B2C96AF9264}.Debug|Any CPU.ActiveCfg = Debug|Any CPU
		{8A9A1180-6B4C-4C64-92BF-4B2C96AF9264}.Debug|Any CPU.Build.0 = Debug|Any CPU
		{8A9A1180-6B4C-4C64-92BF-4B2C96AF9264}.Release|Any CPU.ActiveCfg = Release|Any CPU
		{8A9A1180-6B4C-4C64-92BF-4B2C96AF9264}.Release|Any CPU.Build.0 = Release|Any CPU
		{ECC642F4-F729-47DE-9851-0D9FB0355E63}.Debug|Any CPU.ActiveCfg = Debug|Any CPU
		{ECC642F4-F729-47DE-9851-0D9FB0355E63}.Debug|Any CPU.Build.0 = Debug|Any CPU
		{ECC642F4-F729-47DE-9851-0D9FB0355E63}.Release|Any CPU.ActiveCfg = Release|Any CPU
		{ECC642F4-F729-47DE-9851-0D9FB0355E63}.Release|Any CPU.Build.0 = Release|Any CPU
		{081F7B8E-3736-49A7-9E50-E213DD9F54E7}.Debug|Any CPU.ActiveCfg = Debug|Any CPU
		{081F7B8E-3736-49A7-9E50-E213DD9F54E7}.Debug|Any CPU.Build.0 = Debug|Any CPU
		{081F7B8E-3736-49A7-9E50-E213DD9F54E7}.Release|Any CPU.ActiveCfg = Release|Any CPU
		{081F7B8E-3736-49A7-9E50-E213DD9F54E7}.Release|Any CPU.Build.0 = Release|Any CPU
		{63193768-EFE9-473D-AF70-E4D6925E9C15}.Debug|Any CPU.ActiveCfg = Debug|Any CPU
		{63193768-EFE9-473D-AF70-E4D6925E9C15}.Debug|Any CPU.Build.0 = Debug|Any CPU
		{63193768-EFE9-473D-AF70-E4D6925E9C15}.Release|Any CPU.ActiveCfg = Release|Any CPU
		{63193768-EFE9-473D-AF70-E4D6925E9C15}.Release|Any CPU.Build.0 = Release|Any CPU
		{750F0813-A004-409C-920E-A7F0EB0C6C02}.Debug|Any CPU.ActiveCfg = Debug|Any CPU
		{750F0813-A004-409C-920E-A7F0EB0C6C02}.Debug|Any CPU.Build.0 = Debug|Any CPU
		{750F0813-A004-409C-920E-A7F0EB0C6C02}.Release|Any CPU.ActiveCfg = Release|Any CPU
		{750F0813-A004-409C-920E-A7F0EB0C6C02}.Release|Any CPU.Build.0 = Release|Any CPU
		{3708F7BA-D24A-4AB7-9B31-484E102A8A06}.Debug|Any CPU.ActiveCfg = Debug|Any CPU
		{3708F7BA-D24A-4AB7-9B31-484E102A8A06}.Debug|Any CPU.Build.0 = Debug|Any CPU
		{3708F7BA-D24A-4AB7-9B31-484E102A8A06}.Release|Any CPU.ActiveCfg = Release|Any CPU
		{3708F7BA-D24A-4AB7-9B31-484E102A8A06}.Release|Any CPU.Build.0 = Release|Any CPU
		{46ADCCD7-9412-4F5C-AF2B-55CA80F655D1}.Debug|Any CPU.ActiveCfg = Debug|Any CPU
		{46ADCCD7-9412-4F5C-AF2B-55CA80F655D1}.Debug|Any CPU.Build.0 = Debug|Any CPU
		{46ADCCD7-9412-4F5C-AF2B-55CA80F655D1}.Release|Any CPU.ActiveCfg = Release|Any CPU
		{46ADCCD7-9412-4F5C-AF2B-55CA80F655D1}.Release|Any CPU.Build.0 = Release|Any CPU
		{B6E84FB9-6513-4114-83D5-518128550B4C}.Debug|Any CPU.ActiveCfg = Debug|Any CPU
		{B6E84FB9-6513-4114-83D5-518128550B4C}.Debug|Any CPU.Build.0 = Debug|Any CPU
		{B6E84FB9-6513-4114-83D5-518128550B4C}.Release|Any CPU.ActiveCfg = Release|Any CPU
		{B6E84FB9-6513-4114-83D5-518128550B4C}.Release|Any CPU.Build.0 = Release|Any CPU
		{FFBF258C-D907-4C2C-85D0-959510763DD0}.Debug|Any CPU.ActiveCfg = Debug|Any CPU
		{FFBF258C-D907-4C2C-85D0-959510763DD0}.Debug|Any CPU.Build.0 = Debug|Any CPU
		{FFBF258C-D907-4C2C-85D0-959510763DD0}.Release|Any CPU.ActiveCfg = Release|Any CPU
		{FFBF258C-D907-4C2C-85D0-959510763DD0}.Release|Any CPU.Build.0 = Release|Any CPU
		{206F3103-FEEA-4DC3-AF9B-E0A241FB78EA}.Debug|Any CPU.ActiveCfg = Debug|Any CPU
		{206F3103-FEEA-4DC3-AF9B-E0A241FB78EA}.Debug|Any CPU.Build.0 = Debug|Any CPU
		{206F3103-FEEA-4DC3-AF9B-E0A241FB78EA}.Release|Any CPU.ActiveCfg = Release|Any CPU
		{206F3103-FEEA-4DC3-AF9B-E0A241FB78EA}.Release|Any CPU.Build.0 = Release|Any CPU
		{C7B99F49-5805-49A4-B29F-7BC86A718EBA}.Debug|Any CPU.ActiveCfg = Debug|Any CPU
		{C7B99F49-5805-49A4-B29F-7BC86A718EBA}.Debug|Any CPU.Build.0 = Debug|Any CPU
		{C7B99F49-5805-49A4-B29F-7BC86A718EBA}.Release|Any CPU.ActiveCfg = Release|Any CPU
		{C7B99F49-5805-49A4-B29F-7BC86A718EBA}.Release|Any CPU.Build.0 = Release|Any CPU
		{E830CAD2-62C3-444F-9BDA-6DAE7ED6FC45}.Debug|Any CPU.ActiveCfg = Debug|Any CPU
		{E830CAD2-62C3-444F-9BDA-6DAE7ED6FC45}.Debug|Any CPU.Build.0 = Debug|Any CPU
		{E830CAD2-62C3-444F-9BDA-6DAE7ED6FC45}.Release|Any CPU.ActiveCfg = Release|Any CPU
		{E830CAD2-62C3-444F-9BDA-6DAE7ED6FC45}.Release|Any CPU.Build.0 = Release|Any CPU
		{4B9EE0FB-D188-4A9E-8BFA-C35C584F35D9}.Debug|Any CPU.ActiveCfg = Debug|Any CPU
		{4B9EE0FB-D188-4A9E-8BFA-C35C584F35D9}.Debug|Any CPU.Build.0 = Debug|Any CPU
		{4B9EE0FB-D188-4A9E-8BFA-C35C584F35D9}.Release|Any CPU.ActiveCfg = Release|Any CPU
		{4B9EE0FB-D188-4A9E-8BFA-C35C584F35D9}.Release|Any CPU.Build.0 = Release|Any CPU
		{94811ACE-4C0E-4EF8-93C7-DD0222D1CF0C}.Debug|Any CPU.ActiveCfg = Debug|Any CPU
		{94811ACE-4C0E-4EF8-93C7-DD0222D1CF0C}.Debug|Any CPU.Build.0 = Debug|Any CPU
		{94811ACE-4C0E-4EF8-93C7-DD0222D1CF0C}.Release|Any CPU.ActiveCfg = Release|Any CPU
		{94811ACE-4C0E-4EF8-93C7-DD0222D1CF0C}.Release|Any CPU.Build.0 = Release|Any CPU
	EndGlobalSection
	GlobalSection(SolutionProperties) = preSolution
		HideSolutionNode = FALSE
	EndGlobalSection
EndGlobal
